
Microsoft Visual Studio Solution File, Format Version 12.00
# Visual Studio Version 17
VisualStudioVersion = 17.5.33516.290
MinimumVisualStudioVersion = 10.0.40219.1
Project("{FAE04EC0-301F-11D3-BF4B-00C04F79EFBC}") = "SokobanSolverLib", "SokobanSolverLib\SokobanSolverLib.csproj", "{3EAEC189-26A3-4D48-B4F6-40827C5D9FEE}"
EndProject
Project("{FAE04EC0-301F-11D3-BF4B-00C04F79EFBC}") = "SokobanSolver.UI", "SokobanSolver.UI\SokobanSolver.UI.csproj", "{1E402E8A-09AF-4109-8BAB-7A56F1094D6C}"
EndProject
Project("{FAE04EC0-301F-11D3-BF4B-00C04F79EFBC}") = "SokobanSolver.Tests", "SokobanSolver.Tests\SokobanSolver.Tests.csproj", "{A3FA9114-7050-4835-B2CB-68D409C177FE}"
EndProject
Global
	GlobalSection(SolutionConfigurationPlatforms) = preSolution
		Debug|Any CPU = Debug|Any CPU
		Debug|x86 = Debug|x86
		Release|Any CPU = Release|Any CPU
		Release|x86 = Release|x86
	EndGlobalSection
	GlobalSection(ProjectConfigurationPlatforms) = postSolution
		{3EAEC189-26A3-4D48-B4F6-40827C5D9FEE}.Debug|Any CPU.ActiveCfg = Debug|Any CPU
		{3EAEC189-26A3-4D48-B4F6-40827C5D9FEE}.Debug|Any CPU.Build.0 = Debug|Any CPU
		{3EAEC189-26A3-4D48-B4F6-40827C5D9FEE}.Debug|x86.ActiveCfg = Debug|Any CPU
		{3EAEC189-26A3-4D48-B4F6-40827C5D9FEE}.Debug|x86.Build.0 = Debug|Any CPU
		{3EAEC189-26A3-4D48-B4F6-40827C5D9FEE}.Release|Any CPU.ActiveCfg = Release|Any CPU
		{3EAEC189-26A3-4D48-B4F6-40827C5D9FEE}.Release|Any CPU.Build.0 = Release|Any CPU
		{3EAEC189-26A3-4D48-B4F6-40827C5D9FEE}.Release|x86.ActiveCfg = Release|Any CPU
		{3EAEC189-26A3-4D48-B4F6-40827C5D9FEE}.Release|x86.Build.0 = Release|Any CPU
		{1E402E8A-09AF-4109-8BAB-7A56F1094D6C}.Debug|Any CPU.ActiveCfg = Debug|Any CPU
		{1E402E8A-09AF-4109-8BAB-7A56F1094D6C}.Debug|Any CPU.Build.0 = Debug|Any CPU
		{1E402E8A-09AF-4109-8BAB-7A56F1094D6C}.Debug|x86.ActiveCfg = Debug|Any CPU
		{1E402E8A-09AF-4109-8BAB-7A56F1094D6C}.Debug|x86.Build.0 = Debug|Any CPU
		{1E402E8A-09AF-4109-8BAB-7A56F1094D6C}.Release|Any CPU.ActiveCfg = Release|Any CPU
		{1E402E8A-09AF-4109-8BAB-7A56F1094D6C}.Release|Any CPU.Build.0 = Release|Any CPU
		{1E402E8A-09AF-4109-8BAB-7A56F1094D6C}.Release|x86.ActiveCfg = Release|Any CPU
		{1E402E8A-09AF-4109-8BAB-7A56F1094D6C}.Release|x86.Build.0 = Release|Any CPU
		{A3FA9114-7050-4835-B2CB-68D409C177FE}.Debug|Any CPU.ActiveCfg = Debug|Any CPU
		{A3FA9114-7050-4835-B2CB-68D409C177FE}.Debug|Any CPU.Build.0 = Debug|Any CPU
		{A3FA9114-7050-4835-B2CB-68D409C177FE}.Debug|x86.ActiveCfg = Debug|Any CPU
		{A3FA9114-7050-4835-B2CB-68D409C177FE}.Debug|x86.Build.0 = Debug|Any CPU
		{A3FA9114-7050-4835-B2CB-68D409C177FE}.Release|Any CPU.ActiveCfg = Release|Any CPU
		{A3FA9114-7050-4835-B2CB-68D409C177FE}.Release|Any CPU.Build.0 = Release|Any CPU
		{A3FA9114-7050-4835-B2CB-68D409C177FE}.Release|x86.ActiveCfg = Release|Any CPU
		{A3FA9114-7050-4835-B2CB-68D409C177FE}.Release|x86.Build.0 = Release|Any CPU
	EndGlobalSection
	GlobalSection(SolutionProperties) = preSolution
		HideSolutionNode = FALSE
	EndGlobalSection
	GlobalSection(ExtensibilityGlobals) = postSolution
		SolutionGuid = {6BF2CEAF-B24A-46F4-A980-7E0E31619BFD}
	EndGlobalSection
EndGlobal
